// !$*UTF8*$!
{
	archiveVersion = 1;
	classes = {
	};
	objectVersion = 50;
	objects = {

/* Begin PBXBuildFile section */
		153019E9256E6F8A0043A1EA /* newExperimento.swift in Sources */ = {isa = PBXBuildFile; fileRef = 153019E8256E6F8A0043A1EA /* newExperimento.swift */; };
		2916CF4225791B4A002BD021 /* InformacionViewController.swift in Sources */ = {isa = PBXBuildFile; fileRef = 2916CF4125791B4A002BD021 /* InformacionViewController.swift */; };
		2916CF4425791B5D002BD021 /* InicioViewController.swift in Sources */ = {isa = PBXBuildFile; fileRef = 2916CF4325791B5D002BD021 /* InicioViewController.swift */; };
		2969B1F32580F9BF00B09F7C /* Persona+CoreDataClass.swift in Sources */ = {isa = PBXBuildFile; fileRef = 2969B1EF2580F9BF00B09F7C /* Persona+CoreDataClass.swift */; };
		2969B1F42580F9BF00B09F7C /* Persona+CoreDataProperties.swift in Sources */ = {isa = PBXBuildFile; fileRef = 2969B1F02580F9BF00B09F7C /* Persona+CoreDataProperties.swift */; };
		2969B1F52580F9BF00B09F7C /* Vehiculo+CoreDataClass.swift in Sources */ = {isa = PBXBuildFile; fileRef = 2969B1F12580F9BF00B09F7C /* Vehiculo+CoreDataClass.swift */; };
		2969B1F62580F9BF00B09F7C /* Vehiculo+CoreDataProperties.swift in Sources */ = {isa = PBXBuildFile; fileRef = 2969B1F22580F9BF00B09F7C /* Vehiculo+CoreDataProperties.swift */; };
		2D0201D325814218007BE488 /* ExperimentoTableViewCell.swift in Sources */ = {isa = PBXBuildFile; fileRef = 2D0201D225814218007BE488 /* ExperimentoTableViewCell.swift */; };
		2D0201D525814220007BE488 /* ExperimentoTableViewController.swift in Sources */ = {isa = PBXBuildFile; fileRef = 2D0201D425814220007BE488 /* ExperimentoTableViewController.swift */; };
		2D2E5DCF256D98D400B9F7BB /* AppDelegate.swift in Sources */ = {isa = PBXBuildFile; fileRef = 2D2E5DCE256D98D400B9F7BB /* AppDelegate.swift */; };
		2D2E5DD1256D98D400B9F7BB /* ViewController.swift in Sources */ = {isa = PBXBuildFile; fileRef = 2D2E5DD0256D98D400B9F7BB /* ViewController.swift */; };
		2D2E5DD4256D98D400B9F7BB /* Main.storyboard in Resources */ = {isa = PBXBuildFile; fileRef = 2D2E5DD2256D98D400B9F7BB /* Main.storyboard */; };
		2D2E5DD7256D98D400B9F7BB /* dVehiculos.xcdatamodeld in Sources */ = {isa = PBXBuildFile; fileRef = 2D2E5DD5256D98D400B9F7BB /* dVehiculos.xcdatamodeld */; };
		2D2E5DD9256D98D600B9F7BB /* Assets.xcassets in Resources */ = {isa = PBXBuildFile; fileRef = 2D2E5DD8256D98D600B9F7BB /* Assets.xcassets */; };
		2D2E5DDC256D98D600B9F7BB /* LaunchScreen.storyboard in Resources */ = {isa = PBXBuildFile; fileRef = 2D2E5DDA256D98D600B9F7BB /* LaunchScreen.storyboard */; };
/* End PBXBuildFile section */

/* Begin PBXFileReference section */
		153019E8256E6F8A0043A1EA /* newExperimento.swift */ = {isa = PBXFileReference; lastKnownFileType = sourcecode.swift; path = newExperimento.swift; sourceTree = "<group>"; };
		2916CF4125791B4A002BD021 /* InformacionViewController.swift */ = {isa = PBXFileReference; lastKnownFileType = sourcecode.swift; path = InformacionViewController.swift; sourceTree = "<group>"; };
		2916CF4325791B5D002BD021 /* InicioViewController.swift */ = {isa = PBXFileReference; lastKnownFileType = sourcecode.swift; path = InicioViewController.swift; sourceTree = "<group>"; };
		2969B1EF2580F9BF00B09F7C /* Persona+CoreDataClass.swift */ = {isa = PBXFileReference; lastKnownFileType = sourcecode.swift; path = "Persona+CoreDataClass.swift"; sourceTree = "<group>"; };
		2969B1F02580F9BF00B09F7C /* Persona+CoreDataProperties.swift */ = {isa = PBXFileReference; lastKnownFileType = sourcecode.swift; path = "Persona+CoreDataProperties.swift"; sourceTree = "<group>"; };
		2969B1F12580F9BF00B09F7C /* Vehiculo+CoreDataClass.swift */ = {isa = PBXFileReference; lastKnownFileType = sourcecode.swift; path = "Vehiculo+CoreDataClass.swift"; sourceTree = "<group>"; };
		2969B1F22580F9BF00B09F7C /* Vehiculo+CoreDataProperties.swift */ = {isa = PBXFileReference; lastKnownFileType = sourcecode.swift; path = "Vehiculo+CoreDataProperties.swift"; sourceTree = "<group>"; };
		2D0201D225814218007BE488 /* ExperimentoTableViewCell.swift */ = {isa = PBXFileReference; fileEncoding = 4; lastKnownFileType = sourcecode.swift; name = ExperimentoTableViewCell.swift; path = "../../dVehiculos copia/dVehiculos/ExperimentoTableViewCell.swift"; sourceTree = "<group>"; };
		2D0201D425814220007BE488 /* ExperimentoTableViewController.swift */ = {isa = PBXFileReference; fileEncoding = 4; lastKnownFileType = sourcecode.swift; name = ExperimentoTableViewController.swift; path = "../../dVehiculos copia/dVehiculos/ExperimentoTableViewController.swift"; sourceTree = "<group>"; };
		2D2E5DCB256D98D400B9F7BB /* dVehiculos.app */ = {isa = PBXFileReference; explicitFileType = wrapper.application; includeInIndex = 0; path = dVehiculos.app; sourceTree = BUILT_PRODUCTS_DIR; };
		2D2E5DCE256D98D400B9F7BB /* AppDelegate.swift */ = {isa = PBXFileReference; lastKnownFileType = sourcecode.swift; path = AppDelegate.swift; sourceTree = "<group>"; };
		2D2E5DD0256D98D400B9F7BB /* ViewController.swift */ = {isa = PBXFileReference; lastKnownFileType = sourcecode.swift; path = ViewController.swift; sourceTree = "<group>"; };
		2D2E5DD3256D98D400B9F7BB /* Base */ = {isa = PBXFileReference; lastKnownFileType = file.storyboard; name = Base; path = Base.lproj/Main.storyboard; sourceTree = "<group>"; };
		2D2E5DD6256D98D400B9F7BB /* dVehiculos.xcdatamodel */ = {isa = PBXFileReference; lastKnownFileType = wrapper.xcdatamodel; path = dVehiculos.xcdatamodel; sourceTree = "<group>"; };
		2D2E5DD8256D98D600B9F7BB /* Assets.xcassets */ = {isa = PBXFileReference; lastKnownFileType = folder.assetcatalog; path = Assets.xcassets; sourceTree = "<group>"; };
		2D2E5DDB256D98D600B9F7BB /* Base */ = {isa = PBXFileReference; lastKnownFileType = file.storyboard; name = Base; path = Base.lproj/LaunchScreen.storyboard; sourceTree = "<group>"; };
		2D2E5DDD256D98D600B9F7BB /* Info.plist */ = {isa = PBXFileReference; lastKnownFileType = text.plist.xml; path = Info.plist; sourceTree = "<group>"; };
/* End PBXFileReference section */

/* Begin PBXFrameworksBuildPhase section */
		2D2E5DC8256D98D400B9F7BB /* Frameworks */ = {
			isa = PBXFrameworksBuildPhase;
			buildActionMask = 2147483647;
			files = (
			);
			runOnlyForDeploymentPostprocessing = 0;
		};
/* End PBXFrameworksBuildPhase section */

/* Begin PBXGroup section */
		2D2E5DC2256D98D400B9F7BB = {
			isa = PBXGroup;
			children = (
				2D2E5DCD256D98D400B9F7BB /* dVehiculos */,
				2D2E5DCC256D98D400B9F7BB /* Products */,
			);
			sourceTree = "<group>";
		};
		2D2E5DCC256D98D400B9F7BB /* Products */ = {
			isa = PBXGroup;
			children = (
				2D2E5DCB256D98D400B9F7BB /* dVehiculos.app */,
			);
			name = Products;
			sourceTree = "<group>";
		};
		2D2E5DCD256D98D400B9F7BB /* dVehiculos */ = {
			isa = PBXGroup;
			children = (
				2969B1EF2580F9BF00B09F7C /* Persona+CoreDataClass.swift */,
				2969B1F02580F9BF00B09F7C /* Persona+CoreDataProperties.swift */,
				2969B1F12580F9BF00B09F7C /* Vehiculo+CoreDataClass.swift */,
				2969B1F22580F9BF00B09F7C /* Vehiculo+CoreDataProperties.swift */,
				153019E8256E6F8A0043A1EA /* newExperimento.swift */,
				2D2E5DCE256D98D400B9F7BB /* AppDelegate.swift */,
				2D2E5DD0256D98D400B9F7BB /* ViewController.swift */,
				2D0201D425814220007BE488 /* ExperimentoTableViewController.swift */,
				2D2E5DD2256D98D400B9F7BB /* Main.storyboard */,
				2D0201D225814218007BE488 /* ExperimentoTableViewCell.swift */,
				2D2E5DD8256D98D600B9F7BB /* Assets.xcassets */,
				2D2E5DDA256D98D600B9F7BB /* LaunchScreen.storyboard */,
				2D2E5DDD256D98D600B9F7BB /* Info.plist */,
				2D2E5DD5256D98D400B9F7BB /* dVehiculos.xcdatamodeld */,
				2916CF4125791B4A002BD021 /* InformacionViewController.swift */,
				2916CF4325791B5D002BD021 /* InicioViewController.swift */,
			);
			path = dVehiculos;
			sourceTree = "<group>";
		};
/* End PBXGroup section */

/* Begin PBXNativeTarget section */
		2D2E5DCA256D98D400B9F7BB /* dVehiculos */ = {
			isa = PBXNativeTarget;
			buildConfigurationList = 2D2E5DE0256D98D600B9F7BB /* Build configuration list for PBXNativeTarget "dVehiculos" */;
			buildPhases = (
				2D2E5DC7256D98D400B9F7BB /* Sources */,
				2D2E5DC8256D98D400B9F7BB /* Frameworks */,
				2D2E5DC9256D98D400B9F7BB /* Resources */,
			);
			buildRules = (
			);
			dependencies = (
			);
			name = dVehiculos;
			productName = dVehiculos;
			productReference = 2D2E5DCB256D98D400B9F7BB /* dVehiculos.app */;
			productType = "com.apple.product-type.application";
		};
/* End PBXNativeTarget section */

/* Begin PBXProject section */
		2D2E5DC3256D98D400B9F7BB /* Project object */ = {
			isa = PBXProject;
			attributes = {
				LastSwiftUpdateCheck = 1010;
				LastUpgradeCheck = 1010;
				ORGANIZATIONNAME = Juandi;
				TargetAttributes = {
					2D2E5DCA256D98D400B9F7BB = {
						CreatedOnToolsVersion = 10.1;
					};
				};
			};
			buildConfigurationList = 2D2E5DC6256D98D400B9F7BB /* Build configuration list for PBXProject "dVehiculos" */;
			compatibilityVersion = "Xcode 9.3";
			developmentRegion = en;
			hasScannedForEncodings = 0;
			knownRegions = (
				en,
				Base,
			);
			mainGroup = 2D2E5DC2256D98D400B9F7BB;
			productRefGroup = 2D2E5DCC256D98D400B9F7BB /* Products */;
			projectDirPath = "";
			projectRoot = "";
			targets = (
				2D2E5DCA256D98D400B9F7BB /* dVehiculos */,
			);
		};
/* End PBXProject section */

/* Begin PBXResourcesBuildPhase section */
		2D2E5DC9256D98D400B9F7BB /* Resources */ = {
			isa = PBXResourcesBuildPhase;
			buildActionMask = 2147483647;
			files = (
				2D2E5DDC256D98D600B9F7BB /* LaunchScreen.storyboard in Resources */,
				2D2E5DD9256D98D600B9F7BB /* Assets.xcassets in Resources */,
				2D2E5DD4256D98D400B9F7BB /* Main.storyboard in Resources */,
			);
			runOnlyForDeploymentPostprocessing = 0;
		};
/* End PBXResourcesBuildPhase section */

/* Begin PBXSourcesBuildPhase section */
		2D2E5DC7256D98D400B9F7BB /* Sources */ = {
			isa = PBXSourcesBuildPhase;
			buildActionMask = 2147483647;
			files = (
				2D2E5DD7256D98D400B9F7BB /* dVehiculos.xcdatamodeld in Sources */,
				2916CF4425791B5D002BD021 /* InicioViewController.swift in Sources */,
				153019E9256E6F8A0043A1EA /* newExperimento.swift in Sources */,
				2916CF4225791B4A002BD021 /* InformacionViewController.swift in Sources */,
				2969B1F42580F9BF00B09F7C /* Persona+CoreDataProperties.swift in Sources */,
				2969B1F52580F9BF00B09F7C /* Vehiculo+CoreDataClass.swift in Sources */,
				2969B1F32580F9BF00B09F7C /* Persona+CoreDataClass.swift in Sources */,
				2D0201D325814218007BE488 /* ExperimentoTableViewCell.swift in Sources */,
				2D2E5DD1256D98D400B9F7BB /* ViewController.swift in Sources */,
				2969B1F62580F9BF00B09F7C /* Vehiculo+CoreDataProperties.swift in Sources */,
				2D0201D525814220007BE488 /* ExperimentoTableViewController.swift in Sources */,
				2D2E5DCF256D98D400B9F7BB /* AppDelegate.swift in Sources */,
			);
			runOnlyForDeploymentPostprocessing = 0;
		};
/* End PBXSourcesBuildPhase section */

/* Begin PBXVariantGroup section */
		2D2E5DD2256D98D400B9F7BB /* Main.storyboard */ = {
			isa = PBXVariantGroup;
			children = (
				2D2E5DD3256D98D400B9F7BB /* Base */,
			);
			name = Main.storyboard;
			sourceTree = "<group>";
		};
		2D2E5DDA256D98D600B9F7BB /* LaunchScreen.storyboard */ = {
			isa = PBXVariantGroup;
			children = (
				2D2E5DDB256D98D600B9F7BB /* Base */,
			);
			name = LaunchScreen.storyboard;
			sourceTree = "<group>";
		};
/* End PBXVariantGroup section */

/* Begin XCBuildConfiguration section */
		2D2E5DDE256D98D600B9F7BB /* Debug */ = {
			isa = XCBuildConfiguration;
			buildSettings = {
				ALWAYS_SEARCH_USER_PATHS = NO;
				CLANG_ANALYZER_NONNULL = YES;
				CLANG_ANALYZER_NUMBER_OBJECT_CONVERSION = YES_AGGRESSIVE;
				CLANG_CXX_LANGUAGE_STANDARD = "gnu++14";
				CLANG_CXX_LIBRARY = "libc++";
				CLANG_ENABLE_MODULES = YES;
				CLANG_ENABLE_OBJC_ARC = YES;
				CLANG_ENABLE_OBJC_WEAK = YES;
				CLANG_WARN_BLOCK_CAPTURE_AUTORELEASING = YES;
				CLANG_WARN_BOOL_CONVERSION = YES;
				CLANG_WARN_COMMA = YES;
				CLANG_WARN_CONSTANT_CONVERSION = YES;
				CLANG_WARN_DEPRECATED_OBJC_IMPLEMENTATIONS = YES;
				CLANG_WARN_DIRECT_OBJC_ISA_USAGE = YES_ERROR;
				CLANG_WARN_DOCUMENTATION_COMMENTS = YES;
				CLANG_WARN_EMPTY_BODY = YES;
				CLANG_WARN_ENUM_CONVERSION = YES;
				CLANG_WARN_INFINITE_RECURSION = YES;
				CLANG_WARN_INT_CONVERSION = YES;
				CLANG_WARN_NON_LITERAL_NULL_CONVERSION = YES;
				CLANG_WARN_OBJC_IMPLICIT_RETAIN_SELF = YES;
				CLANG_WARN_OBJC_LITERAL_CONVERSION = YES;
				CLANG_WARN_OBJC_ROOT_CLASS = YES_ERROR;
				CLANG_WARN_RANGE_LOOP_ANALYSIS = YES;
				CLANG_WARN_STRICT_PROTOTYPES = YES;
				CLANG_WARN_SUSPICIOUS_MOVE = YES;
				CLANG_WARN_UNGUARDED_AVAILABILITY = YES_AGGRESSIVE;
				CLANG_WARN_UNREACHABLE_CODE = YES;
				CLANG_WARN__DUPLICATE_METHOD_MATCH = YES;
				CODE_SIGN_IDENTITY = "iPhone Developer";
				COPY_PHASE_STRIP = NO;
				DEBUG_INFORMATION_FORMAT = dwarf;
				ENABLE_STRICT_OBJC_MSGSEND = YES;
				ENABLE_TESTABILITY = YES;
				GCC_C_LANGUAGE_STANDARD = gnu11;
				GCC_DYNAMIC_NO_PIC = NO;
				GCC_NO_COMMON_BLOCKS = YES;
				GCC_OPTIMIZATION_LEVEL = 0;
				GCC_PREPROCESSOR_DEFINITIONS = (
					"DEBUG=1",
					"$(inherited)",
				);
				GCC_WARN_64_TO_32_BIT_CONVERSION = YES;
				GCC_WARN_ABOUT_RETURN_TYPE = YES_ERROR;
				GCC_WARN_UNDECLARED_SELECTOR = YES;
				GCC_WARN_UNINITIALIZED_AUTOS = YES_AGGRESSIVE;
				GCC_WARN_UNUSED_FUNCTION = YES;
				GCC_WARN_UNUSED_VARIABLE = YES;
				IPHONEOS_DEPLOYMENT_TARGET = 12.1;
				MTL_ENABLE_DEBUG_INFO = INCLUDE_SOURCE;
				MTL_FAST_MATH = YES;
				ONLY_ACTIVE_ARCH = YES;
				SDKROOT = iphoneos;
				SWIFT_ACTIVE_COMPILATION_CONDITIONS = DEBUG;
				SWIFT_OPTIMIZATION_LEVEL = "-Onone";
			};
			name = Debug;
		};
		2D2E5DDF256D98D600B9F7BB /* Release */ = {
			isa = XCBuildConfiguration;
			buildSettings = {
				ALWAYS_SEARCH_USER_PATHS = NO;
				CLANG_ANALYZER_NONNULL = YES;
				CLANG_ANALYZER_NUMBER_OBJECT_CONVERSION = YES_AGGRESSIVE;
				CLANG_CXX_LANGUAGE_STANDARD = "gnu++14";
				CLANG_CXX_LIBRARY = "libc++";
				CLANG_ENABLE_MODULES = YES;
				CLANG_ENABLE_OBJC_ARC = YES;
				CLANG_ENABLE_OBJC_WEAK = YES;
				CLANG_WARN_BLOCK_CAPTURE_AUTORELEASING = YES;
				CLANG_WARN_BOOL_CONVERSION = YES;
				CLANG_WARN_COMMA = YES;
				CLANG_WARN_CONSTANT_CONVERSION = YES;
				CLANG_WARN_DEPRECATED_OBJC_IMPLEMENTATIONS = YES;
				CLANG_WARN_DIRECT_OBJC_ISA_USAGE = YES_ERROR;
				CLANG_WARN_DOCUMENTATION_COMMENTS = YES;
				CLANG_WARN_EMPTY_BODY = YES;
				CLANG_WARN_ENUM_CONVERSION = YES;
				CLANG_WARN_INFINITE_RECURSION = YES;
				CLANG_WARN_INT_CONVERSION = YES;
				CLANG_WARN_NON_LITERAL_NULL_CONVERSION = YES;
				CLANG_WARN_OBJC_IMPLICIT_RETAIN_SELF = YES;
				CLANG_WARN_OBJC_LITERAL_CONVERSION = YES;
				CLANG_WARN_OBJC_ROOT_CLASS = YES_ERROR;
				CLANG_WARN_RANGE_LOOP_ANALYSIS = YES;
				CLANG_WARN_STRICT_PROTOTYPES = YES;
				CLANG_WARN_SUSPICIOUS_MOVE = YES;
				CLANG_WARN_UNGUARDED_AVAILABILITY = YES_AGGRESSIVE;
				CLANG_WARN_UNREACHABLE_CODE = YES;
				CLANG_WARN__DUPLICATE_METHOD_MATCH = YES;
				CODE_SIGN_IDENTITY = "iPhone Developer";
				COPY_PHASE_STRIP = NO;
				DEBUG_INFORMATION_FORMAT = "dwarf-with-dsym";
				ENABLE_NS_ASSERTIONS = NO;
				ENABLE_STRICT_OBJC_MSGSEND = YES;
				GCC_C_LANGUAGE_STANDARD = gnu11;
				GCC_NO_COMMON_BLOCKS = YES;
				GCC_WARN_64_TO_32_BIT_CONVERSION = YES;
				GCC_WARN_ABOUT_RETURN_TYPE = YES_ERROR;
				GCC_WARN_UNDECLARED_SELECTOR = YES;
				GCC_WARN_UNINITIALIZED_AUTOS = YES_AGGRESSIVE;
				GCC_WARN_UNUSED_FUNCTION = YES;
				GCC_WARN_UNUSED_VARIABLE = YES;
				IPHONEOS_DEPLOYMENT_TARGET = 12.1;
				MTL_ENABLE_DEBUG_INFO = NO;
				MTL_FAST_MATH = YES;
				SDKROOT = iphoneos;
				SWIFT_COMPILATION_MODE = wholemodule;
				SWIFT_OPTIMIZATION_LEVEL = "-O";
				VALIDATE_PRODUCT = YES;
			};
			name = Release;
		};
		2D2E5DE1256D98D600B9F7BB /* Debug */ = {
			isa = XCBuildConfiguration;
			buildSettings = {
				ASSETCATALOG_COMPILER_APPICON_NAME = AppIcon;
				CODE_SIGN_STYLE = Automatic;
				INFOPLIST_FILE = dVehiculos/Info.plist;
				LD_RUNPATH_SEARCH_PATHS = (
					"$(inherited)",
					"@executable_path/Frameworks",
				);
				PRODUCT_BUNDLE_IDENTIFIER = ual.dVehiculos;
				PRODUCT_NAME = "$(TARGET_NAME)";
				SWIFT_VERSION = 4.2;
				TARGETED_DEVICE_FAMILY = "1,2";
			};
			name = Debug;
		};
		2D2E5DE2256D98D600B9F7BB /* Release */ = {
			isa = XCBuildConfiguration;
			buildSettings = {
				ASSETCATALOG_COMPILER_APPICON_NAME = AppIcon;
				CODE_SIGN_STYLE = Automatic;
				INFOPLIST_FILE = dVehiculos/Info.plist;
				LD_RUNPATH_SEARCH_PATHS = (
					"$(inherited)",
					"@executable_path/Frameworks",
				);
				PRODUCT_BUNDLE_IDENTIFIER = ual.dVehiculos;
				PRODUCT_NAME = "$(TARGET_NAME)";
				SWIFT_VERSION = 4.2;
				TARGETED_DEVICE_FAMILY = "1,2";
			};
			name = Release;
		};
/* End XCBuildConfiguration section */

/* Begin XCConfigurationList section */
		2D2E5DC6256D98D400B9F7BB /* Build configuration list for PBXProject "dVehiculos" */ = {
			isa = XCConfigurationList;
			buildConfigurations = (
				2D2E5DDE256D98D600B9F7BB /* Debug */,
				2D2E5DDF256D98D600B9F7BB /* Release */,
			);
			defaultConfigurationIsVisible = 0;
			defaultConfigurationName = Release;
		};
		2D2E5DE0256D98D600B9F7BB /* Build configuration list for PBXNativeTarget "dVehiculos" */ = {
			isa = XCConfigurationList;
			buildConfigurations = (
				2D2E5DE1256D98D600B9F7BB /* Debug */,
				2D2E5DE2256D98D600B9F7BB /* Release */,
			);
			defaultConfigurationIsVisible = 0;
			defaultConfigurationName = Release;
		};
/* End XCConfigurationList section */

/* Begin XCVersionGroup section */
		2D2E5DD5256D98D400B9F7BB /* dVehiculos.xcdatamodeld */ = {
			isa = XCVersionGroup;
			children = (
				2D2E5DD6256D98D400B9F7BB /* dVehiculos.xcdatamodel */,
			);
			currentVersion = 2D2E5DD6256D98D400B9F7BB /* dVehiculos.xcdatamodel */;
			path = dVehiculos.xcdatamodeld;
			sourceTree = "<group>";
			versionGroupType = wrapper.xcdatamodel;
		};
/* End XCVersionGroup section */
	};
	rootObject = 2D2E5DC3256D98D400B9F7BB /* Project object */;
}
